// !$*UTF8*$!
{
	archiveVersion = 1;
	classes = {
	};
	objectVersion = 46;
	objects = {

/* Begin PBXBuildFile section */
		70329A391A1705B100778C80 /* Blaze.cpp in Sources */ = {isa = PBXBuildFile; fileRef = 70329A371A1705B100778C80 /* Blaze.cpp */; };
		70329A3D1A17076B00778C80 /* Level.cpp in Sources */ = {isa = PBXBuildFile; fileRef = 70329A3B1A17076B00778C80 /* Level.cpp */; };
		70329A401A17094B00778C80 /* TcpSocket.cpp in Sources */ = {isa = PBXBuildFile; fileRef = 70329A3E1A17094B00778C80 /* TcpSocket.cpp */; };
		70541CB81A15537000D37EF2 /* main.cpp in Sources */ = {isa = PBXBuildFile; fileRef = 70541CB71A15537000D37EF2 /* main.cpp */; };
		70773D121A17C7CE0050483B /* TcpMessage.cpp in Sources */ = {isa = PBXBuildFile; fileRef = 70773D101A17C7CE0050483B /* TcpMessage.cpp */; };
		70A4C8711A15886B00DC9093 /* libprotobuf.a in Frameworks */ = {isa = PBXBuildFile; fileRef = 70A4C8701A15886B00DC9093 /* libprotobuf.a */; };
		70A4C87A1A16F10200DC9093 /* BFEProtos.pb.cc in Sources */ = {isa = PBXBuildFile; fileRef = 70A4C8781A16F10200DC9093 /* BFEProtos.pb.cc */; };
/* End PBXBuildFile section */

/* Begin PBXCopyFilesBuildPhase section */
		70541CD31A1580FA00D37EF2 /* CopyFiles */ = {
			isa = PBXCopyFilesBuildPhase;
			buildActionMask = 2147483647;
			dstPath = "../Services/Flame/cpp-gen";
			dstSubfolderSpec = 0;
			files = (
			);
			runOnlyForDeploymentPostprocessing = 0;
		};
/* End PBXCopyFilesBuildPhase section */

/* Begin PBXFileReference section */
		70329A371A1705B100778C80 /* Blaze.cpp */ = {isa = PBXFileReference; fileEncoding = 4; lastKnownFileType = sourcecode.cpp.cpp; path = Blaze.cpp; sourceTree = "<group>"; };
		70329A381A1705B100778C80 /* Blaze.h */ = {isa = PBXFileReference; explicitFileType = sourcecode.cpp.h; fileEncoding = 4; path = Blaze.h; sourceTree = "<group>"; };
		70329A3A1A1705D600778C80 /* PrefixHeader.h */ = {isa = PBXFileReference; explicitFileType = sourcecode.cpp.h; path = PrefixHeader.h; sourceTree = "<group>"; };
		70329A3B1A17076B00778C80 /* Level.cpp */ = {isa = PBXFileReference; fileEncoding = 4; lastKnownFileType = sourcecode.cpp.cpp; path = Level.cpp; sourceTree = "<group>"; };
		70329A3C1A17076B00778C80 /* Level.h */ = {isa = PBXFileReference; fileEncoding = 4; lastKnownFileType = sourcecode.c.h; path = Level.h; sourceTree = "<group>"; };
		70329A3E1A17094B00778C80 /* TcpSocket.cpp */ = {isa = PBXFileReference; fileEncoding = 4; lastKnownFileType = sourcecode.cpp.cpp; path = TcpSocket.cpp; sourceTree = "<group>"; };
		70329A3F1A17094B00778C80 /* TcpSocket.h */ = {isa = PBXFileReference; fileEncoding = 4; lastKnownFileType = sourcecode.c.h; path = TcpSocket.h; sourceTree = "<group>"; };
		70541CB41A15537000D37EF2 /* Anvil */ = {isa = PBXFileReference; explicitFileType = "compiled.mach-o.executable"; includeInIndex = 0; path = Anvil; sourceTree = BUILT_PRODUCTS_DIR; };
		70541CB71A15537000D37EF2 /* main.cpp */ = {isa = PBXFileReference; lastKnownFileType = sourcecode.cpp.cpp; path = main.cpp; sourceTree = "<group>"; };
		70773D101A17C7CE0050483B /* TcpMessage.cpp */ = {isa = PBXFileReference; fileEncoding = 4; lastKnownFileType = sourcecode.cpp.cpp; path = TcpMessage.cpp; sourceTree = "<group>"; };
		70773D111A17C7CE0050483B /* TcpMessage.h */ = {isa = PBXFileReference; fileEncoding = 4; lastKnownFileType = sourcecode.c.h; path = TcpMessage.h; sourceTree = "<group>"; };
		70A4C8701A15886B00DC9093 /* libprotobuf.a */ = {isa = PBXFileReference; lastKnownFileType = archive.ar; name = libprotobuf.a; path = /usr/local/lib/libprotobuf.a; sourceTree = "<absolute>"; };
		70A4C8781A16F10200DC9093 /* BFEProtos.pb.cc */ = {isa = PBXFileReference; fileEncoding = 4; lastKnownFileType = sourcecode.cpp.cpp; name = BFEProtos.pb.cc; path = "gen-files/BFEProtos.pb.cc"; sourceTree = "<group>"; };
		70A4C8791A16F10200DC9093 /* BFEProtos.pb.h */ = {isa = PBXFileReference; fileEncoding = 4; lastKnownFileType = sourcecode.c.h; name = BFEProtos.pb.h; path = "gen-files/BFEProtos.pb.h"; sourceTree = "<group>"; };
/* End PBXFileReference section */

/* Begin PBXFrameworksBuildPhase section */
		70541CB11A15537000D37EF2 /* Frameworks */ = {
			isa = PBXFrameworksBuildPhase;
			buildActionMask = 2147483647;
			files = (
				70A4C8711A15886B00DC9093 /* libprotobuf.a in Frameworks */,
			);
			runOnlyForDeploymentPostprocessing = 0;
		};
/* End PBXFrameworksBuildPhase section */

/* Begin PBXGroup section */
		70541CAB1A15537000D37EF2 = {
			isa = PBXGroup;
			children = (
				70541CCE1A15598600D37EF2 /* Libs */,
				70541CB61A15537000D37EF2 /* Anvil */,
				70541CB51A15537000D37EF2 /* Products */,
			);
			sourceTree = "<group>";
		};
		70541CB51A15537000D37EF2 /* Products */ = {
			isa = PBXGroup;
			children = (
				70541CB41A15537000D37EF2 /* Anvil */,
			);
			name = Products;
			sourceTree = "<group>";
		};
		70541CB61A15537000D37EF2 /* Anvil */ = {
			isa = PBXGroup;
			children = (
				70541CD41A1581AD00D37EF2 /* gen-files */,
				70773D0F1A1716CF0050483B /* Socket */,
				70329A371A1705B100778C80 /* Blaze.cpp */,
				70329A381A1705B100778C80 /* Blaze.h */,
				70329A3A1A1705D600778C80 /* PrefixHeader.h */,
				70541CB71A15537000D37EF2 /* main.cpp */,
				70329A3B1A17076B00778C80 /* Level.cpp */,
				70329A3C1A17076B00778C80 /* Level.h */,
			);
			path = Anvil;
			sourceTree = "<group>";
		};
		70541CCE1A15598600D37EF2 /* Libs */ = {
			isa = PBXGroup;
			children = (
				70A4C8701A15886B00DC9093 /* libprotobuf.a */,
			);
			name = Libs;
			sourceTree = "<group>";
		};
		70541CD41A1581AD00D37EF2 /* gen-files */ = {
			isa = PBXGroup;
			children = (
				70A4C8781A16F10200DC9093 /* BFEProtos.pb.cc */,
				70A4C8791A16F10200DC9093 /* BFEProtos.pb.h */,
			);
			name = "gen-files";
			sourceTree = "<group>";
		};
		70773D0F1A1716CF0050483B /* Socket */ = {
			isa = PBXGroup;
			children = (
				70329A3E1A17094B00778C80 /* TcpSocket.cpp */,
				70329A3F1A17094B00778C80 /* TcpSocket.h */,
				70773D101A17C7CE0050483B /* TcpMessage.cpp */,
				70773D111A17C7CE0050483B /* TcpMessage.h */,
			);
			name = Socket;
			sourceTree = "<group>";
		};
/* End PBXGroup section */

/* Begin PBXNativeTarget section */
		70541CB31A15537000D37EF2 /* Anvil */ = {
			isa = PBXNativeTarget;
			buildConfigurationList = 70541CBD1A15537000D37EF2 /* Build configuration list for PBXNativeTarget "Anvil" */;
			buildPhases = (
				70541CB01A15537000D37EF2 /* Sources */,
				70541CB11A15537000D37EF2 /* Frameworks */,
				70541CD31A1580FA00D37EF2 /* CopyFiles */,
			);
			buildRules = (
			);
			dependencies = (
			);
			name = Anvil;
			productName = Anvil;
			productReference = 70541CB41A15537000D37EF2 /* Anvil */;
			productType = "com.apple.product-type.tool";
		};
/* End PBXNativeTarget section */

/* Begin PBXProject section */
		70541CAC1A15537000D37EF2 /* Project object */ = {
			isa = PBXProject;
			attributes = {
				LastUpgradeCheck = 0510;
				ORGANIZATIONNAME = "Alec Thilenius";
			};
			buildConfigurationList = 70541CAF1A15537000D37EF2 /* Build configuration list for PBXProject "Anvil" */;
			compatibilityVersion = "Xcode 3.2";
			developmentRegion = English;
			hasScannedForEncodings = 0;
			knownRegions = (
				en,
			);
			mainGroup = 70541CAB1A15537000D37EF2;
			productRefGroup = 70541CB51A15537000D37EF2 /* Products */;
			projectDirPath = "";
			projectRoot = "";
			targets = (
				70541CB31A15537000D37EF2 /* Anvil */,
			);
		};
/* End PBXProject section */

/* Begin PBXSourcesBuildPhase section */
		70541CB01A15537000D37EF2 /* Sources */ = {
			isa = PBXSourcesBuildPhase;
			buildActionMask = 2147483647;
			files = (
				70329A391A1705B100778C80 /* Blaze.cpp in Sources */,
				70329A3D1A17076B00778C80 /* Level.cpp in Sources */,
				70541CB81A15537000D37EF2 /* main.cpp in Sources */,
				70773D121A17C7CE0050483B /* TcpMessage.cpp in Sources */,
				70A4C87A1A16F10200DC9093 /* BFEProtos.pb.cc in Sources */,
				70329A401A17094B00778C80 /* TcpSocket.cpp in Sources */,
			);
			runOnlyForDeploymentPostprocessing = 0;
		};
/* End PBXSourcesBuildPhase section */

/* Begin XCBuildConfiguration section */
		70541CBB1A15537000D37EF2 /* Debug */ = {
			isa = XCBuildConfiguration;
			buildSettings = {
				ALWAYS_SEARCH_USER_PATHS = NO;
				CLANG_CXX_LANGUAGE_STANDARD = "gnu++0x";
				CLANG_CXX_LIBRARY = "libc++";
				CLANG_ENABLE_MODULES = YES;
				CLANG_ENABLE_OBJC_ARC = YES;
				CLANG_WARN_BOOL_CONVERSION = YES;
				CLANG_WARN_CONSTANT_CONVERSION = YES;
				CLANG_WARN_DIRECT_OBJC_ISA_USAGE = YES_ERROR;
				CLANG_WARN_EMPTY_BODY = YES;
				CLANG_WARN_ENUM_CONVERSION = YES;
				CLANG_WARN_INT_CONVERSION = YES;
				CLANG_WARN_OBJC_ROOT_CLASS = YES_ERROR;
				CLANG_WARN__DUPLICATE_METHOD_MATCH = YES;
				COPY_PHASE_STRIP = NO;
				GCC_C_LANGUAGE_STANDARD = gnu99;
				GCC_DYNAMIC_NO_PIC = NO;
				GCC_ENABLE_OBJC_EXCEPTIONS = YES;
				GCC_OPTIMIZATION_LEVEL = 0;
				GCC_PREPROCESSOR_DEFINITIONS = (
					"DEBUG=1",
					"$(inherited)",
				);
				GCC_SYMBOLS_PRIVATE_EXTERN = NO;
				GCC_WARN_64_TO_32_BIT_CONVERSION = YES;
				GCC_WARN_ABOUT_RETURN_TYPE = YES_ERROR;
				GCC_WARN_UNDECLARED_SELECTOR = YES;
				GCC_WARN_UNINITIALIZED_AUTOS = YES_AGGRESSIVE;
				GCC_WARN_UNUSED_FUNCTION = YES;
				GCC_WARN_UNUSED_VARIABLE = YES;
				MACOSX_DEPLOYMENT_TARGET = 10.10;
				ONLY_ACTIVE_ARCH = YES;
				SDKROOT = macosx;
			};
			name = Debug;
		};
		70541CBC1A15537000D37EF2 /* Release */ = {
			isa = XCBuildConfiguration;
			buildSettings = {
				ALWAYS_SEARCH_USER_PATHS = NO;
				CLANG_CXX_LANGUAGE_STANDARD = "gnu++0x";
				CLANG_CXX_LIBRARY = "libc++";
				CLANG_ENABLE_MODULES = YES;
				CLANG_ENABLE_OBJC_ARC = YES;
				CLANG_WARN_BOOL_CONVERSION = YES;
				CLANG_WARN_CONSTANT_CONVERSION = YES;
				CLANG_WARN_DIRECT_OBJC_ISA_USAGE = YES_ERROR;
				CLANG_WARN_EMPTY_BODY = YES;
				CLANG_WARN_ENUM_CONVERSION = YES;
				CLANG_WARN_INT_CONVERSION = YES;
				CLANG_WARN_OBJC_ROOT_CLASS = YES_ERROR;
				CLANG_WARN__DUPLICATE_METHOD_MATCH = YES;
				COPY_PHASE_STRIP = YES;
				DEBUG_INFORMATION_FORMAT = "dwarf-with-dsym";
				ENABLE_NS_ASSERTIONS = NO;
				GCC_C_LANGUAGE_STANDARD = gnu99;
				GCC_ENABLE_OBJC_EXCEPTIONS = YES;
				GCC_WARN_64_TO_32_BIT_CONVERSION = YES;
				GCC_WARN_ABOUT_RETURN_TYPE = YES_ERROR;
				GCC_WARN_UNDECLARED_SELECTOR = YES;
				GCC_WARN_UNINITIALIZED_AUTOS = YES_AGGRESSIVE;
				GCC_WARN_UNUSED_FUNCTION = YES;
				GCC_WARN_UNUSED_VARIABLE = YES;
				MACOSX_DEPLOYMENT_TARGET = 10.10;
				SDKROOT = macosx;
			};
			name = Release;
		};
		70541CBE1A15537000D37EF2 /* Debug */ = {
			isa = XCBuildConfiguration;
			buildSettings = {
				FRAMEWORK_SEARCH_PATHS = (
					"$(inherited)",
					"$(PROJECT_DIR)/lib",
				);
				HEADER_SEARCH_PATHS = (
					"$(inherited)",
					/Applications/Xcode.app/Contents/Developer/Toolchains/XcodeDefault.xctoolchain/usr/include,
					./include,
					/usr/local/include,
				);
				LIBRARY_SEARCH_PATHS = (
					./lib,
					"$(PROJECT_DIR)/lib",
					/usr/local/lib,
				);
				PRODUCT_NAME = "$(TARGET_NAME)";
				USER_HEADER_SEARCH_PATHS = "";
			};
			name = Debug;
		};
		70541CBF1A15537000D37EF2 /* Release */ = {
			isa = XCBuildConfiguration;
			buildSettings = {
				FRAMEWORK_SEARCH_PATHS = (
					"$(inherited)",
					"$(PROJECT_DIR)/lib",
				);
				HEADER_SEARCH_PATHS = (
					"$(inherited)",
					/Applications/Xcode.app/Contents/Developer/Toolchains/XcodeDefault.xctoolchain/usr/include,
					./include,
					/usr/local/include,
				);
				LIBRARY_SEARCH_PATHS = (
					./lib,
					"$(PROJECT_DIR)/lib",
					/usr/local/lib,
				);
				PRODUCT_NAME = "$(TARGET_NAME)";
				USER_HEADER_SEARCH_PATHS = "";
			};
			name = Release;
		};
/* End XCBuildConfiguration section */

/* Begin XCConfigurationList section */
		70541CAF1A15537000D37EF2 /* Build configuration list for PBXProject "Anvil" */ = {
			isa = XCConfigurationList;
			buildConfigurations = (
				70541CBB1A15537000D37EF2 /* Debug */,
				70541CBC1A15537000D37EF2 /* Release */,
			);
			defaultConfigurationIsVisible = 0;
			defaultConfigurationName = Release;
		};
		70541CBD1A15537000D37EF2 /* Build configuration list for PBXNativeTarget "Anvil" */ = {
			isa = XCConfigurationList;
			buildConfigurations = (
				70541CBE1A15537000D37EF2 /* Debug */,
				70541CBF1A15537000D37EF2 /* Release */,
			);
			defaultConfigurationIsVisible = 0;
			defaultConfigurationName = Release;
		};
/* End XCConfigurationList section */
	};
	rootObject = 70541CAC1A15537000D37EF2 /* Project object */;
}
