// !$*UTF8*$!
{
	archiveVersion = 1;
	classes = {
	};
	objectVersion = 46;
	objects = {

/* Begin PBXBuildFile section */
		702F1BF81A1D4A4E00200224 /* Level.cpp in Sources */ = {isa = PBXBuildFile; fileRef = 702F1BEF1A1D4A4E00200224 /* Level.cpp */; };
		702F1BF91A1D4A4E00200224 /* main.cpp in Sources */ = {isa = PBXBuildFile; fileRef = 702F1BF11A1D4A4E00200224 /* main.cpp */; };
		702F1BFA1A1D4A4E00200224 /* TcpMessage.cpp in Sources */ = {isa = PBXBuildFile; fileRef = 702F1BF31A1D4A4E00200224 /* TcpMessage.cpp */; };
		702F1BFB1A1D4A4E00200224 /* TcpSocket.cpp in Sources */ = {isa = PBXBuildFile; fileRef = 702F1BF51A1D4A4E00200224 /* TcpSocket.cpp */; };
		702F1BFF1A1D4A7A00200224 /* BFEProtos.pb.cc in Sources */ = {isa = PBXBuildFile; fileRef = 702F1BFD1A1D4A7A00200224 /* BFEProtos.pb.cc */; };
		7037368A1A2D8A680088DF33 /* Anvil.cpp in Sources */ = {isa = PBXBuildFile; fileRef = 703736881A2D8A680088DF33 /* Anvil.cpp */; };
		7037368D1A2D989A0088DF33 /* Spark.cpp in Sources */ = {isa = PBXBuildFile; fileRef = 7037368B1A2D989A0088DF33 /* Spark.cpp */; };
		703736F61A2E83A60088DF33 /* Anvil.cpp in Sources */ = {isa = PBXBuildFile; fileRef = 703736881A2D8A680088DF33 /* Anvil.cpp */; };
		703736F81A2E83A60088DF33 /* Level.cpp in Sources */ = {isa = PBXBuildFile; fileRef = 702F1BEF1A1D4A4E00200224 /* Level.cpp */; };
		703736FA1A2E83A60088DF33 /* Spark.cpp in Sources */ = {isa = PBXBuildFile; fileRef = 7037368B1A2D989A0088DF33 /* Spark.cpp */; };
		703736FC1A2E83A60088DF33 /* TcpMessage.cpp in Sources */ = {isa = PBXBuildFile; fileRef = 702F1BF31A1D4A4E00200224 /* TcpMessage.cpp */; };
		703736FE1A2E83A60088DF33 /* TcpSocket.cpp in Sources */ = {isa = PBXBuildFile; fileRef = 702F1BF51A1D4A4E00200224 /* TcpSocket.cpp */; };
		703737001A2E83A60088DF33 /* BFEProtos.pb.cc in Sources */ = {isa = PBXBuildFile; fileRef = 702F1BFD1A1D4A7A00200224 /* BFEProtos.pb.cc */; };
		703737021A2E83A60088DF33 /* main.cpp in Sources */ = {isa = PBXBuildFile; fileRef = 702F1BF11A1D4A4E00200224 /* main.cpp */; };
		703737061A2E84CE0088DF33 /* Anvil.h in Headers */ = {isa = PBXBuildFile; fileRef = 703736891A2D8A680088DF33 /* Anvil.h */; settings = {ATTRIBUTES = (Public, ); }; };
		703737071A2E84D00088DF33 /* Level.h in Headers */ = {isa = PBXBuildFile; fileRef = 702F1BF01A1D4A4E00200224 /* Level.h */; settings = {ATTRIBUTES = (Public, ); }; };
		703737081A2E84D30088DF33 /* Spark.h in Headers */ = {isa = PBXBuildFile; fileRef = 7037368C1A2D989A0088DF33 /* Spark.h */; settings = {ATTRIBUTES = (Public, ); }; };
		7085D5EE1A50CA5000B0491E /* Config.h in Headers */ = {isa = PBXBuildFile; fileRef = 7085D5ED1A50CA5000B0491E /* Config.h */; };
		70F0E92F1A560A2700BDC94C /* libsfml-network.2.1.dylib in Frameworks */ = {isa = PBXBuildFile; fileRef = 70F0E92D1A560A2700BDC94C /* libsfml-network.2.1.dylib */; };
		70F0E9301A560A2700BDC94C /* libsfml-network.2.1.dylib in Frameworks */ = {isa = PBXBuildFile; fileRef = 70F0E92D1A560A2700BDC94C /* libsfml-network.2.1.dylib */; };
		70F0E9311A560A2700BDC94C /* libsfml-system.2.1.dylib in Frameworks */ = {isa = PBXBuildFile; fileRef = 70F0E92E1A560A2700BDC94C /* libsfml-system.2.1.dylib */; };
		70F0E9321A560A2700BDC94C /* libsfml-system.2.1.dylib in Frameworks */ = {isa = PBXBuildFile; fileRef = 70F0E92E1A560A2700BDC94C /* libsfml-system.2.1.dylib */; };
		70F0E9341A560A8D00BDC94C /* libprotobuf-lite.7.dylib in Frameworks */ = {isa = PBXBuildFile; fileRef = 70F0E9331A560A8D00BDC94C /* libprotobuf-lite.7.dylib */; };
		70F0E9351A560A8D00BDC94C /* libprotobuf-lite.7.dylib in Frameworks */ = {isa = PBXBuildFile; fileRef = 70F0E9331A560A8D00BDC94C /* libprotobuf-lite.7.dylib */; };
		70F0E9381A560B2900BDC94C /* Log.cpp in Sources */ = {isa = PBXBuildFile; fileRef = 70F0E9361A560B2900BDC94C /* Log.cpp */; };
		70F0E9391A560B2900BDC94C /* Log.cpp in Sources */ = {isa = PBXBuildFile; fileRef = 70F0E9361A560B2900BDC94C /* Log.cpp */; };
		70F0E93A1A560B2900BDC94C /* Log.h in Headers */ = {isa = PBXBuildFile; fileRef = 70F0E9371A560B2900BDC94C /* Log.h */; };
/* End PBXBuildFile section */

/* Begin PBXCopyFilesBuildPhase section */
		70541CD31A1580FA00D37EF2 /* CopyFiles */ = {
			isa = PBXCopyFilesBuildPhase;
			buildActionMask = 2147483647;
			dstPath = "../Services/Flame/cpp-gen";
			dstSubfolderSpec = 10;
			files = (
			);
			runOnlyForDeploymentPostprocessing = 0;
		};
/* End PBXCopyFilesBuildPhase section */

/* Begin PBXFileReference section */
		702F1BEF1A1D4A4E00200224 /* Level.cpp */ = {isa = PBXFileReference; fileEncoding = 4; lastKnownFileType = sourcecode.cpp.cpp; path = Level.cpp; sourceTree = "<group>"; };
		702F1BF01A1D4A4E00200224 /* Level.h */ = {isa = PBXFileReference; fileEncoding = 4; lastKnownFileType = sourcecode.c.h; path = Level.h; sourceTree = "<group>"; };
		702F1BF11A1D4A4E00200224 /* main.cpp */ = {isa = PBXFileReference; fileEncoding = 4; lastKnownFileType = sourcecode.cpp.cpp; path = main.cpp; sourceTree = "<group>"; };
		702F1BF21A1D4A4E00200224 /* PrefixHeader.h */ = {isa = PBXFileReference; fileEncoding = 4; lastKnownFileType = sourcecode.c.h; path = PrefixHeader.h; sourceTree = "<group>"; };
		702F1BF31A1D4A4E00200224 /* TcpMessage.cpp */ = {isa = PBXFileReference; fileEncoding = 4; lastKnownFileType = sourcecode.cpp.cpp; path = TcpMessage.cpp; sourceTree = "<group>"; };
		702F1BF41A1D4A4E00200224 /* TcpMessage.h */ = {isa = PBXFileReference; fileEncoding = 4; lastKnownFileType = sourcecode.c.h; path = TcpMessage.h; sourceTree = "<group>"; };
		702F1BF51A1D4A4E00200224 /* TcpSocket.cpp */ = {isa = PBXFileReference; fileEncoding = 4; lastKnownFileType = sourcecode.cpp.cpp; path = TcpSocket.cpp; sourceTree = "<group>"; };
		702F1BF61A1D4A4E00200224 /* TcpSocket.h */ = {isa = PBXFileReference; fileEncoding = 4; lastKnownFileType = sourcecode.c.h; path = TcpSocket.h; sourceTree = "<group>"; };
		702F1BFD1A1D4A7A00200224 /* BFEProtos.pb.cc */ = {isa = PBXFileReference; fileEncoding = 4; lastKnownFileType = sourcecode.cpp.cpp; name = BFEProtos.pb.cc; path = "gen-files/BFEProtos.pb.cc"; sourceTree = "<group>"; };
		702F1BFE1A1D4A7A00200224 /* BFEProtos.pb.h */ = {isa = PBXFileReference; fileEncoding = 4; lastKnownFileType = sourcecode.c.h; name = BFEProtos.pb.h; path = "gen-files/BFEProtos.pb.h"; sourceTree = "<group>"; };
		703736881A2D8A680088DF33 /* Anvil.cpp */ = {isa = PBXFileReference; fileEncoding = 4; lastKnownFileType = sourcecode.cpp.cpp; path = Anvil.cpp; sourceTree = "<group>"; };
		703736891A2D8A680088DF33 /* Anvil.h */ = {isa = PBXFileReference; fileEncoding = 4; lastKnownFileType = sourcecode.c.h; path = Anvil.h; sourceTree = "<group>"; };
		7037368B1A2D989A0088DF33 /* Spark.cpp */ = {isa = PBXFileReference; fileEncoding = 4; lastKnownFileType = sourcecode.cpp.cpp; path = Spark.cpp; sourceTree = "<group>"; };
		7037368C1A2D989A0088DF33 /* Spark.h */ = {isa = PBXFileReference; fileEncoding = 4; lastKnownFileType = sourcecode.c.h; path = Spark.h; sourceTree = "<group>"; };
		703736F21A2E81AD0088DF33 /* libAnvilLib.a */ = {isa = PBXFileReference; explicitFileType = archive.ar; includeInIndex = 0; path = libAnvilLib.a; sourceTree = BUILT_PRODUCTS_DIR; };
		70541CB41A15537000D37EF2 /* Anvil */ = {isa = PBXFileReference; explicitFileType = "compiled.mach-o.executable"; includeInIndex = 0; path = Anvil; sourceTree = BUILT_PRODUCTS_DIR; };
		7085D5ED1A50CA5000B0491E /* Config.h */ = {isa = PBXFileReference; fileEncoding = 4; lastKnownFileType = sourcecode.c.h; path = Config.h; sourceTree = "<group>"; };
		70F0E92D1A560A2700BDC94C /* libsfml-network.2.1.dylib */ = {isa = PBXFileReference; lastKnownFileType = "compiled.mach-o.dylib"; name = "libsfml-network.2.1.dylib"; path = "lib/libsfml-network.2.1.dylib"; sourceTree = "<group>"; };
		70F0E92E1A560A2700BDC94C /* libsfml-system.2.1.dylib */ = {isa = PBXFileReference; lastKnownFileType = "compiled.mach-o.dylib"; name = "libsfml-system.2.1.dylib"; path = "lib/libsfml-system.2.1.dylib"; sourceTree = "<group>"; };
		70F0E9331A560A8D00BDC94C /* libprotobuf-lite.7.dylib */ = {isa = PBXFileReference; lastKnownFileType = "compiled.mach-o.dylib"; name = "libprotobuf-lite.7.dylib"; path = "lib/libprotobuf-lite.7.dylib"; sourceTree = "<group>"; };
		70F0E9361A560B2900BDC94C /* Log.cpp */ = {isa = PBXFileReference; fileEncoding = 4; lastKnownFileType = sourcecode.cpp.cpp; path = Log.cpp; sourceTree = "<group>"; };
		70F0E9371A560B2900BDC94C /* Log.h */ = {isa = PBXFileReference; fileEncoding = 4; lastKnownFileType = sourcecode.c.h; path = Log.h; sourceTree = "<group>"; };
/* End PBXFileReference section */

/* Begin PBXFrameworksBuildPhase section */
		703736EF1A2E81AD0088DF33 /* Frameworks */ = {
			isa = PBXFrameworksBuildPhase;
			buildActionMask = 2147483647;
			files = (
				70F0E9321A560A2700BDC94C /* libsfml-system.2.1.dylib in Frameworks */,
				70F0E9351A560A8D00BDC94C /* libprotobuf-lite.7.dylib in Frameworks */,
				70F0E9301A560A2700BDC94C /* libsfml-network.2.1.dylib in Frameworks */,
			);
			runOnlyForDeploymentPostprocessing = 0;
		};
		70541CB11A15537000D37EF2 /* Frameworks */ = {
			isa = PBXFrameworksBuildPhase;
			buildActionMask = 2147483647;
			files = (
				70F0E9311A560A2700BDC94C /* libsfml-system.2.1.dylib in Frameworks */,
				70F0E9341A560A8D00BDC94C /* libprotobuf-lite.7.dylib in Frameworks */,
				70F0E92F1A560A2700BDC94C /* libsfml-network.2.1.dylib in Frameworks */,
			);
			runOnlyForDeploymentPostprocessing = 0;
		};
/* End PBXFrameworksBuildPhase section */

/* Begin PBXGroup section */
		702F1BFC1A1D4A5700200224 /* gen-files */ = {
			isa = PBXGroup;
			children = (
				702F1BFD1A1D4A7A00200224 /* BFEProtos.pb.cc */,
				702F1BFE1A1D4A7A00200224 /* BFEProtos.pb.h */,
			);
			name = "gen-files";
			sourceTree = "<group>";
		};
		702F1C001A1D4AC800200224 /* Socket */ = {
			isa = PBXGroup;
			children = (
				702F1BF31A1D4A4E00200224 /* TcpMessage.cpp */,
				702F1BF41A1D4A4E00200224 /* TcpMessage.h */,
				702F1BF51A1D4A4E00200224 /* TcpSocket.cpp */,
				702F1BF61A1D4A4E00200224 /* TcpSocket.h */,
			);
			name = Socket;
			sourceTree = "<group>";
		};
		703736871A2D8A560088DF33 /* API */ = {
			isa = PBXGroup;
			children = (
				7085D5ED1A50CA5000B0491E /* Config.h */,
				703736881A2D8A680088DF33 /* Anvil.cpp */,
				703736891A2D8A680088DF33 /* Anvil.h */,
				702F1BEF1A1D4A4E00200224 /* Level.cpp */,
				702F1BF01A1D4A4E00200224 /* Level.h */,
				7037368B1A2D989A0088DF33 /* Spark.cpp */,
				7037368C1A2D989A0088DF33 /* Spark.h */,
			);
			name = API;
			sourceTree = "<group>";
		};
		70541CAB1A15537000D37EF2 = {
			isa = PBXGroup;
			children = (
				70541CCE1A15598600D37EF2 /* Libs */,
				70541CB61A15537000D37EF2 /* Anvil */,
				70541CB51A15537000D37EF2 /* Products */,
			);
			sourceTree = "<group>";
		};
		70541CB51A15537000D37EF2 /* Products */ = {
			isa = PBXGroup;
			children = (
				70541CB41A15537000D37EF2 /* Anvil */,
				703736F21A2E81AD0088DF33 /* libAnvilLib.a */,
			);
			name = Products;
			sourceTree = "<group>";
		};
		70541CB61A15537000D37EF2 /* Anvil */ = {
			isa = PBXGroup;
			children = (
				70F0E93B1A560B2E00BDC94C /* Util */,
				703736871A2D8A560088DF33 /* API */,
				702F1C001A1D4AC800200224 /* Socket */,
				702F1BFC1A1D4A5700200224 /* gen-files */,
				702F1BF11A1D4A4E00200224 /* main.cpp */,
				702F1BF21A1D4A4E00200224 /* PrefixHeader.h */,
				70541CD41A1581AD00D37EF2 /* gen-files */,
			);
			path = Anvil;
			sourceTree = "<group>";
		};
		70541CCE1A15598600D37EF2 /* Libs */ = {
			isa = PBXGroup;
			children = (
				70F0E9331A560A8D00BDC94C /* libprotobuf-lite.7.dylib */,
				70F0E92D1A560A2700BDC94C /* libsfml-network.2.1.dylib */,
				70F0E92E1A560A2700BDC94C /* libsfml-system.2.1.dylib */,
			);
			name = Libs;
			sourceTree = "<group>";
		};
		70541CD41A1581AD00D37EF2 /* gen-files */ = {
			isa = PBXGroup;
			children = (
			);
			name = "gen-files";
			sourceTree = "<group>";
		};
		70F0E93B1A560B2E00BDC94C /* Util */ = {
			isa = PBXGroup;
			children = (
				70F0E9361A560B2900BDC94C /* Log.cpp */,
				70F0E9371A560B2900BDC94C /* Log.h */,
			);
			name = Util;
			sourceTree = "<group>";
		};
/* End PBXGroup section */

/* Begin PBXHeadersBuildPhase section */
		703736F01A2E81AD0088DF33 /* Headers */ = {
			isa = PBXHeadersBuildPhase;
			buildActionMask = 2147483647;
			files = (
				7085D5EE1A50CA5000B0491E /* Config.h in Headers */,
				70F0E93A1A560B2900BDC94C /* Log.h in Headers */,
				703737061A2E84CE0088DF33 /* Anvil.h in Headers */,
				703737071A2E84D00088DF33 /* Level.h in Headers */,
				703737081A2E84D30088DF33 /* Spark.h in Headers */,
			);
			runOnlyForDeploymentPostprocessing = 0;
		};
/* End PBXHeadersBuildPhase section */

/* Begin PBXNativeTarget section */
		703736F11A2E81AD0088DF33 /* AnvilLib */ = {
			isa = PBXNativeTarget;
			buildConfigurationList = 703736F31A2E81AD0088DF33 /* Build configuration list for PBXNativeTarget "AnvilLib" */;
			buildPhases = (
				703736EE1A2E81AD0088DF33 /* Sources */,
				703736EF1A2E81AD0088DF33 /* Frameworks */,
				703736F01A2E81AD0088DF33 /* Headers */,
			);
			buildRules = (
			);
			dependencies = (
			);
			name = AnvilLib;
			productName = AnvilLib;
			productReference = 703736F21A2E81AD0088DF33 /* libAnvilLib.a */;
			productType = "com.apple.product-type.library.static";
		};
		70541CB31A15537000D37EF2 /* Anvil */ = {
			isa = PBXNativeTarget;
			buildConfigurationList = 70541CBD1A15537000D37EF2 /* Build configuration list for PBXNativeTarget "Anvil" */;
			buildPhases = (
				70541CB01A15537000D37EF2 /* Sources */,
				70541CB11A15537000D37EF2 /* Frameworks */,
				70541CD31A1580FA00D37EF2 /* CopyFiles */,
			);
			buildRules = (
			);
			dependencies = (
			);
			name = Anvil;
			productName = Anvil;
			productReference = 70541CB41A15537000D37EF2 /* Anvil */;
			productType = "com.apple.product-type.tool";
		};
/* End PBXNativeTarget section */

/* Begin PBXProject section */
		70541CAC1A15537000D37EF2 /* Project object */ = {
			isa = PBXProject;
			attributes = {
				LastUpgradeCheck = 0510;
				ORGANIZATIONNAME = "Alec Thilenius";
			};
			buildConfigurationList = 70541CAF1A15537000D37EF2 /* Build configuration list for PBXProject "Anvil" */;
			compatibilityVersion = "Xcode 3.2";
			developmentRegion = English;
			hasScannedForEncodings = 0;
			knownRegions = (
				en,
			);
			mainGroup = 70541CAB1A15537000D37EF2;
			productRefGroup = 70541CB51A15537000D37EF2 /* Products */;
			projectDirPath = "";
			projectRoot = "";
			targets = (
				70541CB31A15537000D37EF2 /* Anvil */,
				703736F11A2E81AD0088DF33 /* AnvilLib */,
			);
		};
/* End PBXProject section */

/* Begin PBXSourcesBuildPhase section */
		703736EE1A2E81AD0088DF33 /* Sources */ = {
			isa = PBXSourcesBuildPhase;
			buildActionMask = 2147483647;
			files = (
				703736F61A2E83A60088DF33 /* Anvil.cpp in Sources */,
				703736F81A2E83A60088DF33 /* Level.cpp in Sources */,
				70F0E9391A560B2900BDC94C /* Log.cpp in Sources */,
				703736FA1A2E83A60088DF33 /* Spark.cpp in Sources */,
				703736FC1A2E83A60088DF33 /* TcpMessage.cpp in Sources */,
				703736FE1A2E83A60088DF33 /* TcpSocket.cpp in Sources */,
				703737001A2E83A60088DF33 /* BFEProtos.pb.cc in Sources */,
				703737021A2E83A60088DF33 /* main.cpp in Sources */,
			);
			runOnlyForDeploymentPostprocessing = 0;
		};
		70541CB01A15537000D37EF2 /* Sources */ = {
			isa = PBXSourcesBuildPhase;
			buildActionMask = 2147483647;
			files = (
				702F1BF81A1D4A4E00200224 /* Level.cpp in Sources */,
				702F1BFB1A1D4A4E00200224 /* TcpSocket.cpp in Sources */,
				7037368A1A2D8A680088DF33 /* Anvil.cpp in Sources */,
				70F0E9381A560B2900BDC94C /* Log.cpp in Sources */,
				7037368D1A2D989A0088DF33 /* Spark.cpp in Sources */,
				702F1BF91A1D4A4E00200224 /* main.cpp in Sources */,
				702F1BFA1A1D4A4E00200224 /* TcpMessage.cpp in Sources */,
				702F1BFF1A1D4A7A00200224 /* BFEProtos.pb.cc in Sources */,
			);
			runOnlyForDeploymentPostprocessing = 0;
		};
/* End PBXSourcesBuildPhase section */

/* Begin XCBuildConfiguration section */
		703736F41A2E81AD0088DF33 /* Debug */ = {
			isa = XCBuildConfiguration;
			buildSettings = {
				EXECUTABLE_PREFIX = lib;
				GCC_PREPROCESSOR_DEFINITIONS = (
					"DEBUG=1",
					"$(inherited)",
				);
				HEADER_SEARCH_PATHS = (
					"$(inherited)",
					/Applications/Xcode.app/Contents/Developer/Toolchains/XcodeDefault.xctoolchain/usr/include,
					./include,
				);
				LIBRARY_SEARCH_PATHS = ./lib;
				PRODUCT_NAME = "$(TARGET_NAME)";
				PUBLIC_HEADERS_FOLDER_PATH = /include;
			};
			name = Debug;
		};
		703736F51A2E81AD0088DF33 /* Release */ = {
			isa = XCBuildConfiguration;
			buildSettings = {
				EXECUTABLE_PREFIX = lib;
				HEADER_SEARCH_PATHS = (
					"$(inherited)",
					/Applications/Xcode.app/Contents/Developer/Toolchains/XcodeDefault.xctoolchain/usr/include,
					./include,
				);
				LIBRARY_SEARCH_PATHS = ./lib;
				PRODUCT_NAME = "$(TARGET_NAME)";
				PUBLIC_HEADERS_FOLDER_PATH = /include;
			};
			name = Release;
		};
		70541CBB1A15537000D37EF2 /* Debug */ = {
			isa = XCBuildConfiguration;
			buildSettings = {
				ALWAYS_SEARCH_USER_PATHS = NO;
				CLANG_CXX_LANGUAGE_STANDARD = "gnu++0x";
				CLANG_CXX_LIBRARY = "libc++";
				CLANG_ENABLE_MODULES = YES;
				CLANG_ENABLE_OBJC_ARC = YES;
				CLANG_WARN_BOOL_CONVERSION = YES;
				CLANG_WARN_CONSTANT_CONVERSION = YES;
				CLANG_WARN_DIRECT_OBJC_ISA_USAGE = YES_ERROR;
				CLANG_WARN_EMPTY_BODY = YES;
				CLANG_WARN_ENUM_CONVERSION = YES;
				CLANG_WARN_INT_CONVERSION = YES;
				CLANG_WARN_OBJC_ROOT_CLASS = YES_ERROR;
				CLANG_WARN__DUPLICATE_METHOD_MATCH = YES;
				COPY_PHASE_STRIP = NO;
				GCC_C_LANGUAGE_STANDARD = gnu99;
				GCC_DYNAMIC_NO_PIC = NO;
				GCC_ENABLE_OBJC_EXCEPTIONS = YES;
				GCC_OPTIMIZATION_LEVEL = 0;
				GCC_PREPROCESSOR_DEFINITIONS = (
					"DEBUG=1",
					"$(inherited)",
				);
				GCC_SYMBOLS_PRIVATE_EXTERN = NO;
				GCC_WARN_64_TO_32_BIT_CONVERSION = YES;
				GCC_WARN_ABOUT_RETURN_TYPE = YES_ERROR;
				GCC_WARN_UNDECLARED_SELECTOR = YES;
				GCC_WARN_UNINITIALIZED_AUTOS = YES_AGGRESSIVE;
				GCC_WARN_UNUSED_FUNCTION = YES;
				GCC_WARN_UNUSED_VARIABLE = YES;
				MACOSX_DEPLOYMENT_TARGET = 10.10;
				ONLY_ACTIVE_ARCH = YES;
				SDKROOT = macosx;
			};
			name = Debug;
		};
		70541CBC1A15537000D37EF2 /* Release */ = {
			isa = XCBuildConfiguration;
			buildSettings = {
				ALWAYS_SEARCH_USER_PATHS = NO;
				CLANG_CXX_LANGUAGE_STANDARD = "gnu++0x";
				CLANG_CXX_LIBRARY = "libc++";
				CLANG_ENABLE_MODULES = YES;
				CLANG_ENABLE_OBJC_ARC = YES;
				CLANG_WARN_BOOL_CONVERSION = YES;
				CLANG_WARN_CONSTANT_CONVERSION = YES;
				CLANG_WARN_DIRECT_OBJC_ISA_USAGE = YES_ERROR;
				CLANG_WARN_EMPTY_BODY = YES;
				CLANG_WARN_ENUM_CONVERSION = YES;
				CLANG_WARN_INT_CONVERSION = YES;
				CLANG_WARN_OBJC_ROOT_CLASS = YES_ERROR;
				CLANG_WARN__DUPLICATE_METHOD_MATCH = YES;
				COPY_PHASE_STRIP = YES;
				DEBUG_INFORMATION_FORMAT = "dwarf-with-dsym";
				ENABLE_NS_ASSERTIONS = NO;
				GCC_C_LANGUAGE_STANDARD = gnu99;
				GCC_ENABLE_OBJC_EXCEPTIONS = YES;
				GCC_WARN_64_TO_32_BIT_CONVERSION = YES;
				GCC_WARN_ABOUT_RETURN_TYPE = YES_ERROR;
				GCC_WARN_UNDECLARED_SELECTOR = YES;
				GCC_WARN_UNINITIALIZED_AUTOS = YES_AGGRESSIVE;
				GCC_WARN_UNUSED_FUNCTION = YES;
				GCC_WARN_UNUSED_VARIABLE = YES;
				MACOSX_DEPLOYMENT_TARGET = 10.10;
				SDKROOT = macosx;
			};
			name = Release;
		};
		70541CBE1A15537000D37EF2 /* Debug */ = {
			isa = XCBuildConfiguration;
			buildSettings = {
				FRAMEWORK_SEARCH_PATHS = (
					"$(inherited)",
					"$(PROJECT_DIR)/lib",
				);
				HEADER_SEARCH_PATHS = (
					"$(inherited)",
					/Applications/Xcode.app/Contents/Developer/Toolchains/XcodeDefault.xctoolchain/usr/include,
					./include,
				);
				LIBRARY_SEARCH_PATHS = (
					./lib,
					"$(PROJECT_DIR)/lib",
				);
				PRODUCT_NAME = "$(TARGET_NAME)";
				USER_HEADER_SEARCH_PATHS = "";
			};
			name = Debug;
		};
		70541CBF1A15537000D37EF2 /* Release */ = {
			isa = XCBuildConfiguration;
			buildSettings = {
				FRAMEWORK_SEARCH_PATHS = (
					"$(inherited)",
					"$(PROJECT_DIR)/lib",
				);
				HEADER_SEARCH_PATHS = (
					"$(inherited)",
					/Applications/Xcode.app/Contents/Developer/Toolchains/XcodeDefault.xctoolchain/usr/include,
					./include,
				);
				LIBRARY_SEARCH_PATHS = (
					./lib,
					"$(PROJECT_DIR)/lib",
				);
				PRODUCT_NAME = "$(TARGET_NAME)";
				USER_HEADER_SEARCH_PATHS = "";
			};
			name = Release;
		};
/* End XCBuildConfiguration section */

/* Begin XCConfigurationList section */
		703736F31A2E81AD0088DF33 /* Build configuration list for PBXNativeTarget "AnvilLib" */ = {
			isa = XCConfigurationList;
			buildConfigurations = (
				703736F41A2E81AD0088DF33 /* Debug */,
				703736F51A2E81AD0088DF33 /* Release */,
			);
			defaultConfigurationIsVisible = 0;
			defaultConfigurationName = Release;
		};
		70541CAF1A15537000D37EF2 /* Build configuration list for PBXProject "Anvil" */ = {
			isa = XCConfigurationList;
			buildConfigurations = (
				70541CBB1A15537000D37EF2 /* Debug */,
				70541CBC1A15537000D37EF2 /* Release */,
			);
			defaultConfigurationIsVisible = 0;
			defaultConfigurationName = Release;
		};
		70541CBD1A15537000D37EF2 /* Build configuration list for PBXNativeTarget "Anvil" */ = {
			isa = XCConfigurationList;
			buildConfigurations = (
				70541CBE1A15537000D37EF2 /* Debug */,
				70541CBF1A15537000D37EF2 /* Release */,
			);
			defaultConfigurationIsVisible = 0;
			defaultConfigurationName = Release;
		};
/* End XCConfigurationList section */
	};
	rootObject = 70541CAC1A15537000D37EF2 /* Project object */;
}
