// !$*UTF8*$!
{
	archiveVersion = 1;
	classes = {
	};
	objectVersion = 46;
	objects = {

/* Begin PBXBuildFile section */
		702BB09B1A6B0244009AA378 /* Time.cpp in Sources */ = {isa = PBXBuildFile; fileRef = 702BB0991A6B0244009AA378 /* Time.cpp */; };
		702F1BF81A1D4A4E00200224 /* Level.cpp in Sources */ = {isa = PBXBuildFile; fileRef = 702F1BEF1A1D4A4E00200224 /* Level.cpp */; };
		702F1BF91A1D4A4E00200224 /* main.cpp in Sources */ = {isa = PBXBuildFile; fileRef = 702F1BF11A1D4A4E00200224 /* main.cpp */; };
		702F1BFA1A1D4A4E00200224 /* TcpMessage.cpp in Sources */ = {isa = PBXBuildFile; fileRef = 702F1BF31A1D4A4E00200224 /* TcpMessage.cpp */; };
		702F1BFB1A1D4A4E00200224 /* TcpSocket.cpp in Sources */ = {isa = PBXBuildFile; fileRef = 702F1BF51A1D4A4E00200224 /* TcpSocket.cpp */; };
		7037368A1A2D8A680088DF33 /* Anvil.cpp in Sources */ = {isa = PBXBuildFile; fileRef = 703736881A2D8A680088DF33 /* Anvil.cpp */; };
		7037368D1A2D989A0088DF33 /* Spark.cpp in Sources */ = {isa = PBXBuildFile; fileRef = 7037368B1A2D989A0088DF33 /* Spark.cpp */; };
		703736F61A2E83A60088DF33 /* Anvil.cpp in Sources */ = {isa = PBXBuildFile; fileRef = 703736881A2D8A680088DF33 /* Anvil.cpp */; };
		703736F81A2E83A60088DF33 /* Level.cpp in Sources */ = {isa = PBXBuildFile; fileRef = 702F1BEF1A1D4A4E00200224 /* Level.cpp */; };
		703736FA1A2E83A60088DF33 /* Spark.cpp in Sources */ = {isa = PBXBuildFile; fileRef = 7037368B1A2D989A0088DF33 /* Spark.cpp */; };
		703736FC1A2E83A60088DF33 /* TcpMessage.cpp in Sources */ = {isa = PBXBuildFile; fileRef = 702F1BF31A1D4A4E00200224 /* TcpMessage.cpp */; };
		703736FE1A2E83A60088DF33 /* TcpSocket.cpp in Sources */ = {isa = PBXBuildFile; fileRef = 702F1BF51A1D4A4E00200224 /* TcpSocket.cpp */; };
		703737021A2E83A60088DF33 /* main.cpp in Sources */ = {isa = PBXBuildFile; fileRef = 702F1BF11A1D4A4E00200224 /* main.cpp */; };
		703737061A2E84CE0088DF33 /* Anvil.h in Headers */ = {isa = PBXBuildFile; fileRef = 703736891A2D8A680088DF33 /* Anvil.h */; settings = {ATTRIBUTES = (Public, ); }; };
		703737071A2E84D00088DF33 /* Level.h in Headers */ = {isa = PBXBuildFile; fileRef = 702F1BF01A1D4A4E00200224 /* Level.h */; settings = {ATTRIBUTES = (Public, ); }; };
		703737081A2E84D30088DF33 /* Spark.h in Headers */ = {isa = PBXBuildFile; fileRef = 7037368C1A2D989A0088DF33 /* Spark.h */; settings = {ATTRIBUTES = (Public, ); }; };
		7045A3981A65B3B6000820EB /* libprotobuf-lite.a in Frameworks */ = {isa = PBXBuildFile; fileRef = 7045A3971A65B3B6000820EB /* libprotobuf-lite.a */; };
		7045A3991A65B3B6000820EB /* libprotobuf-lite.a in Frameworks */ = {isa = PBXBuildFile; fileRef = 7045A3971A65B3B6000820EB /* libprotobuf-lite.a */; };
		70560DE31A5F433C007319DE /* BFEProtos.pb.cc in Sources */ = {isa = PBXBuildFile; fileRef = 70560DE11A5F433C007319DE /* BFEProtos.pb.cc */; };
		70560DE41A5F433C007319DE /* BFEProtos.pb.cc in Sources */ = {isa = PBXBuildFile; fileRef = 70560DE11A5F433C007319DE /* BFEProtos.pb.cc */; };
		70560DE51A5F433C007319DE /* BFEProtos.pb.h in Headers */ = {isa = PBXBuildFile; fileRef = 70560DE21A5F433C007319DE /* BFEProtos.pb.h */; };
		7085EDD21A63104E0093DE12 /* Config.cpp in Sources */ = {isa = PBXBuildFile; fileRef = 7085EDD01A63104E0093DE12 /* Config.cpp */; };
		7085EDD31A63104E0093DE12 /* Config.cpp in Sources */ = {isa = PBXBuildFile; fileRef = 7085EDD01A63104E0093DE12 /* Config.cpp */; };
		7085EDD41A63104E0093DE12 /* Config.h in Headers */ = {isa = PBXBuildFile; fileRef = 7085EDD11A63104E0093DE12 /* Config.h */; };
		70A5E2B01A86CCBB0013D31B /* TextFile.cpp in Sources */ = {isa = PBXBuildFile; fileRef = 70A5E2AE1A86CCBB0013D31B /* TextFile.cpp */; };
		70A5E2B11A86CCBB0013D31B /* TextFile.cpp in Sources */ = {isa = PBXBuildFile; fileRef = 70A5E2AE1A86CCBB0013D31B /* TextFile.cpp */; };
		70A5E2B21A86CCBB0013D31B /* TextFile.h in Headers */ = {isa = PBXBuildFile; fileRef = 70A5E2AF1A86CCBB0013D31B /* TextFile.h */; };
		70A5E2B41A86DB8B0013D31B /* libboost_filesystem.a in Frameworks */ = {isa = PBXBuildFile; fileRef = 70A5E2B31A86DB8B0013D31B /* libboost_filesystem.a */; };
		70A5E2B51A86DB8B0013D31B /* libboost_filesystem.a in Frameworks */ = {isa = PBXBuildFile; fileRef = 70A5E2B31A86DB8B0013D31B /* libboost_filesystem.a */; };
		70A5E2B71A86DBCB0013D31B /* libboost_system.a in Frameworks */ = {isa = PBXBuildFile; fileRef = 70A5E2B61A86DBCB0013D31B /* libboost_system.a */; };
		70A5E2B81A86DBCB0013D31B /* libboost_system.a in Frameworks */ = {isa = PBXBuildFile; fileRef = 70A5E2B61A86DBCB0013D31B /* libboost_system.a */; };
		70F0E9381A560B2900BDC94C /* Log.cpp in Sources */ = {isa = PBXBuildFile; fileRef = 70F0E9361A560B2900BDC94C /* Log.cpp */; };
		70F0E9391A560B2900BDC94C /* Log.cpp in Sources */ = {isa = PBXBuildFile; fileRef = 70F0E9361A560B2900BDC94C /* Log.cpp */; };
		70F0E93A1A560B2900BDC94C /* Log.h in Headers */ = {isa = PBXBuildFile; fileRef = 70F0E9371A560B2900BDC94C /* Log.h */; };
/* End PBXBuildFile section */

/* Begin PBXContainerItemProxy section */
		70A5E3021A8AA6580013D31B /* PBXContainerItemProxy */ = {
			isa = PBXContainerItemProxy;
			containerPortal = 70A5E2FE1A8AA6570013D31B /* AnvilDyn.xcodeproj */;
			proxyType = 2;
			remoteGlobalIDString = 70A5E2F71A8AA6570013D31B;
			remoteInfo = AnvilDyn;
		};
/* End PBXContainerItemProxy section */

/* Begin PBXCopyFilesBuildPhase section */
		70541CD31A1580FA00D37EF2 /* CopyFiles */ = {
			isa = PBXCopyFilesBuildPhase;
			buildActionMask = 2147483647;
			dstPath = "../Services/Flame/cpp-gen";
			dstSubfolderSpec = 10;
			files = (
			);
			runOnlyForDeploymentPostprocessing = 0;
		};
/* End PBXCopyFilesBuildPhase section */

/* Begin PBXFileReference section */
		702BB0991A6B0244009AA378 /* Time.cpp */ = {isa = PBXFileReference; fileEncoding = 4; lastKnownFileType = sourcecode.cpp.cpp; path = Time.cpp; sourceTree = "<group>"; };
		702BB09A1A6B0244009AA378 /* Time.h */ = {isa = PBXFileReference; fileEncoding = 4; lastKnownFileType = sourcecode.c.h; path = Time.h; sourceTree = "<group>"; };
		702F1BEF1A1D4A4E00200224 /* Level.cpp */ = {isa = PBXFileReference; fileEncoding = 4; lastKnownFileType = sourcecode.cpp.cpp; path = Level.cpp; sourceTree = "<group>"; };
		702F1BF01A1D4A4E00200224 /* Level.h */ = {isa = PBXFileReference; fileEncoding = 4; lastKnownFileType = sourcecode.c.h; path = Level.h; sourceTree = "<group>"; };
		702F1BF11A1D4A4E00200224 /* main.cpp */ = {isa = PBXFileReference; fileEncoding = 4; lastKnownFileType = sourcecode.cpp.cpp; path = main.cpp; sourceTree = "<group>"; };
		702F1BF21A1D4A4E00200224 /* PrefixHeader.h */ = {isa = PBXFileReference; fileEncoding = 4; lastKnownFileType = sourcecode.c.h; path = PrefixHeader.h; sourceTree = "<group>"; };
		702F1BF31A1D4A4E00200224 /* TcpMessage.cpp */ = {isa = PBXFileReference; fileEncoding = 4; lastKnownFileType = sourcecode.cpp.cpp; path = TcpMessage.cpp; sourceTree = "<group>"; };
		702F1BF41A1D4A4E00200224 /* TcpMessage.h */ = {isa = PBXFileReference; fileEncoding = 4; lastKnownFileType = sourcecode.c.h; path = TcpMessage.h; sourceTree = "<group>"; };
		702F1BF51A1D4A4E00200224 /* TcpSocket.cpp */ = {isa = PBXFileReference; fileEncoding = 4; lastKnownFileType = sourcecode.cpp.cpp; path = TcpSocket.cpp; sourceTree = "<group>"; };
		702F1BF61A1D4A4E00200224 /* TcpSocket.h */ = {isa = PBXFileReference; fileEncoding = 4; lastKnownFileType = sourcecode.c.h; path = TcpSocket.h; sourceTree = "<group>"; };
		703736881A2D8A680088DF33 /* Anvil.cpp */ = {isa = PBXFileReference; fileEncoding = 4; lastKnownFileType = sourcecode.cpp.cpp; path = Anvil.cpp; sourceTree = "<group>"; };
		703736891A2D8A680088DF33 /* Anvil.h */ = {isa = PBXFileReference; fileEncoding = 4; lastKnownFileType = sourcecode.c.h; path = Anvil.h; sourceTree = "<group>"; };
		7037368B1A2D989A0088DF33 /* Spark.cpp */ = {isa = PBXFileReference; fileEncoding = 4; lastKnownFileType = sourcecode.cpp.cpp; path = Spark.cpp; sourceTree = "<group>"; };
		7037368C1A2D989A0088DF33 /* Spark.h */ = {isa = PBXFileReference; fileEncoding = 4; lastKnownFileType = sourcecode.c.h; path = Spark.h; sourceTree = "<group>"; };
		703736F21A2E81AD0088DF33 /* libAnvilLib.a */ = {isa = PBXFileReference; explicitFileType = archive.ar; includeInIndex = 0; path = libAnvilLib.a; sourceTree = BUILT_PRODUCTS_DIR; };
		7045A3971A65B3B6000820EB /* libprotobuf-lite.a */ = {isa = PBXFileReference; lastKnownFileType = archive.ar; name = "libprotobuf-lite.a"; path = "lib/libprotobuf-lite.a"; sourceTree = "<group>"; };
		70541CB41A15537000D37EF2 /* Anvil */ = {isa = PBXFileReference; explicitFileType = "compiled.mach-o.executable"; includeInIndex = 0; path = Anvil; sourceTree = BUILT_PRODUCTS_DIR; };
		70560DE11A5F433C007319DE /* BFEProtos.pb.cc */ = {isa = PBXFileReference; fileEncoding = 4; lastKnownFileType = sourcecode.cpp.cpp; name = BFEProtos.pb.cc; path = "gen-files/BFEProtos.pb.cc"; sourceTree = "<group>"; };
		70560DE21A5F433C007319DE /* BFEProtos.pb.h */ = {isa = PBXFileReference; fileEncoding = 4; lastKnownFileType = sourcecode.c.h; name = BFEProtos.pb.h; path = "gen-files/BFEProtos.pb.h"; sourceTree = "<group>"; };
		7085EDD01A63104E0093DE12 /* Config.cpp */ = {isa = PBXFileReference; fileEncoding = 4; lastKnownFileType = sourcecode.cpp.cpp; path = Config.cpp; sourceTree = "<group>"; };
		7085EDD11A63104E0093DE12 /* Config.h */ = {isa = PBXFileReference; fileEncoding = 4; lastKnownFileType = sourcecode.c.h; path = Config.h; sourceTree = "<group>"; };
		70A5E2AE1A86CCBB0013D31B /* TextFile.cpp */ = {isa = PBXFileReference; fileEncoding = 4; lastKnownFileType = sourcecode.cpp.cpp; path = TextFile.cpp; sourceTree = "<group>"; };
		70A5E2AF1A86CCBB0013D31B /* TextFile.h */ = {isa = PBXFileReference; fileEncoding = 4; lastKnownFileType = sourcecode.c.h; path = TextFile.h; sourceTree = "<group>"; };
		70A5E2B31A86DB8B0013D31B /* libboost_filesystem.a */ = {isa = PBXFileReference; lastKnownFileType = archive.ar; name = libboost_filesystem.a; path = ../../../../../../../usr/local/lib/libboost_filesystem.a; sourceTree = "<group>"; };
		70A5E2B61A86DBCB0013D31B /* libboost_system.a */ = {isa = PBXFileReference; lastKnownFileType = archive.ar; name = libboost_system.a; path = ../../../../../../../usr/local/lib/libboost_system.a; sourceTree = "<group>"; };
		70A5E2FE1A8AA6570013D31B /* AnvilDyn.xcodeproj */ = {isa = PBXFileReference; lastKnownFileType = "wrapper.pb-project"; name = AnvilDyn.xcodeproj; path = AnvilDyn/AnvilDyn.xcodeproj; sourceTree = "<group>"; };
		70F0E9361A560B2900BDC94C /* Log.cpp */ = {isa = PBXFileReference; fileEncoding = 4; lastKnownFileType = sourcecode.cpp.cpp; path = Log.cpp; sourceTree = "<group>"; };
		70F0E9371A560B2900BDC94C /* Log.h */ = {isa = PBXFileReference; fileEncoding = 4; lastKnownFileType = sourcecode.c.h; path = Log.h; sourceTree = "<group>"; };
/* End PBXFileReference section */

/* Begin PBXFrameworksBuildPhase section */
		703736EF1A2E81AD0088DF33 /* Frameworks */ = {
			isa = PBXFrameworksBuildPhase;
			buildActionMask = 2147483647;
			files = (
				70A5E2B81A86DBCB0013D31B /* libboost_system.a in Frameworks */,
				70A5E2B51A86DB8B0013D31B /* libboost_filesystem.a in Frameworks */,
				7045A3991A65B3B6000820EB /* libprotobuf-lite.a in Frameworks */,
			);
			runOnlyForDeploymentPostprocessing = 0;
		};
		70541CB11A15537000D37EF2 /* Frameworks */ = {
			isa = PBXFrameworksBuildPhase;
			buildActionMask = 2147483647;
			files = (
				70A5E2B71A86DBCB0013D31B /* libboost_system.a in Frameworks */,
				70A5E2B41A86DB8B0013D31B /* libboost_filesystem.a in Frameworks */,
				7045A3981A65B3B6000820EB /* libprotobuf-lite.a in Frameworks */,
			);
			runOnlyForDeploymentPostprocessing = 0;
		};
/* End PBXFrameworksBuildPhase section */

/* Begin PBXGroup section */
		702F1C001A1D4AC800200224 /* Socket */ = {
			isa = PBXGroup;
			children = (
				702F1BF31A1D4A4E00200224 /* TcpMessage.cpp */,
				702F1BF41A1D4A4E00200224 /* TcpMessage.h */,
				702F1BF51A1D4A4E00200224 /* TcpSocket.cpp */,
				702F1BF61A1D4A4E00200224 /* TcpSocket.h */,
			);
			name = Socket;
			sourceTree = "<group>";
		};
		703736871A2D8A560088DF33 /* PublicAPI */ = {
			isa = PBXGroup;
			children = (
				703736881A2D8A680088DF33 /* Anvil.cpp */,
				703736891A2D8A680088DF33 /* Anvil.h */,
				702F1BEF1A1D4A4E00200224 /* Level.cpp */,
				702F1BF01A1D4A4E00200224 /* Level.h */,
				7037368B1A2D989A0088DF33 /* Spark.cpp */,
				7037368C1A2D989A0088DF33 /* Spark.h */,
				7085EDD01A63104E0093DE12 /* Config.cpp */,
				7085EDD11A63104E0093DE12 /* Config.h */,
			);
			name = PublicAPI;
			sourceTree = "<group>";
		};
		70541CAB1A15537000D37EF2 = {
			isa = PBXGroup;
			children = (
				70A5E2FE1A8AA6570013D31B /* AnvilDyn.xcodeproj */,
				70541CCE1A15598600D37EF2 /* Libs */,
				70541CB61A15537000D37EF2 /* Anvil */,
				70541CB51A15537000D37EF2 /* Products */,
			);
			sourceTree = "<group>";
		};
		70541CB51A15537000D37EF2 /* Products */ = {
			isa = PBXGroup;
			children = (
				70541CB41A15537000D37EF2 /* Anvil */,
				703736F21A2E81AD0088DF33 /* libAnvilLib.a */,
			);
			name = Products;
			sourceTree = "<group>";
		};
		70541CB61A15537000D37EF2 /* Anvil */ = {
			isa = PBXGroup;
			children = (
				70F0E93B1A560B2E00BDC94C /* Util */,
				703736871A2D8A560088DF33 /* PublicAPI */,
				702F1C001A1D4AC800200224 /* Socket */,
				702F1BF11A1D4A4E00200224 /* main.cpp */,
				702F1BF21A1D4A4E00200224 /* PrefixHeader.h */,
				70541CD41A1581AD00D37EF2 /* gen-files */,
			);
			path = Anvil;
			sourceTree = "<group>";
		};
		70541CCE1A15598600D37EF2 /* Libs */ = {
			isa = PBXGroup;
			children = (
				70A5E2B61A86DBCB0013D31B /* libboost_system.a */,
				70A5E2B31A86DB8B0013D31B /* libboost_filesystem.a */,
				7045A3971A65B3B6000820EB /* libprotobuf-lite.a */,
			);
			name = Libs;
			sourceTree = "<group>";
		};
		70541CD41A1581AD00D37EF2 /* gen-files */ = {
			isa = PBXGroup;
			children = (
				70560DE11A5F433C007319DE /* BFEProtos.pb.cc */,
				70560DE21A5F433C007319DE /* BFEProtos.pb.h */,
			);
			name = "gen-files";
			sourceTree = "<group>";
		};
		70A5E2FF1A8AA6570013D31B /* Products */ = {
			isa = PBXGroup;
			children = (
				70A5E3031A8AA6580013D31B /* libAnvilDyn.dylib */,
			);
			name = Products;
			sourceTree = "<group>";
		};
		70F0E93B1A560B2E00BDC94C /* Util */ = {
			isa = PBXGroup;
			children = (
				702BB0991A6B0244009AA378 /* Time.cpp */,
				702BB09A1A6B0244009AA378 /* Time.h */,
				70F0E9361A560B2900BDC94C /* Log.cpp */,
				70F0E9371A560B2900BDC94C /* Log.h */,
				70A5E2AE1A86CCBB0013D31B /* TextFile.cpp */,
				70A5E2AF1A86CCBB0013D31B /* TextFile.h */,
			);
			name = Util;
			sourceTree = "<group>";
		};
/* End PBXGroup section */

/* Begin PBXHeadersBuildPhase section */
		703736F01A2E81AD0088DF33 /* Headers */ = {
			isa = PBXHeadersBuildPhase;
			buildActionMask = 2147483647;
			files = (
				70F0E93A1A560B2900BDC94C /* Log.h in Headers */,
				703737061A2E84CE0088DF33 /* Anvil.h in Headers */,
				70A5E2B21A86CCBB0013D31B /* TextFile.h in Headers */,
				7085EDD41A63104E0093DE12 /* Config.h in Headers */,
				703737071A2E84D00088DF33 /* Level.h in Headers */,
				70560DE51A5F433C007319DE /* BFEProtos.pb.h in Headers */,
				703737081A2E84D30088DF33 /* Spark.h in Headers */,
			);
			runOnlyForDeploymentPostprocessing = 0;
		};
/* End PBXHeadersBuildPhase section */

/* Begin PBXNativeTarget section */
		703736F11A2E81AD0088DF33 /* AnvilLib */ = {
			isa = PBXNativeTarget;
			buildConfigurationList = 703736F31A2E81AD0088DF33 /* Build configuration list for PBXNativeTarget "AnvilLib" */;
			buildPhases = (
				703736EE1A2E81AD0088DF33 /* Sources */,
				703736EF1A2E81AD0088DF33 /* Frameworks */,
				703736F01A2E81AD0088DF33 /* Headers */,
				70A5E2AC1A86C1860013D31B /* ShellScript */,
			);
			buildRules = (
			);
			dependencies = (
			);
			name = AnvilLib;
			productName = AnvilLib;
			productReference = 703736F21A2E81AD0088DF33 /* libAnvilLib.a */;
			productType = "com.apple.product-type.library.static";
		};
		70541CB31A15537000D37EF2 /* Anvil */ = {
			isa = PBXNativeTarget;
			buildConfigurationList = 70541CBD1A15537000D37EF2 /* Build configuration list for PBXNativeTarget "Anvil" */;
			buildPhases = (
				70541CB01A15537000D37EF2 /* Sources */,
				70541CB11A15537000D37EF2 /* Frameworks */,
				70541CD31A1580FA00D37EF2 /* CopyFiles */,
				70A5E2AD1A86C8A50013D31B /* ShellScript */,
			);
			buildRules = (
			);
			dependencies = (
			);
			name = Anvil;
			productName = Anvil;
			productReference = 70541CB41A15537000D37EF2 /* Anvil */;
			productType = "com.apple.product-type.tool";
		};
/* End PBXNativeTarget section */

/* Begin PBXProject section */
		70541CAC1A15537000D37EF2 /* Project object */ = {
			isa = PBXProject;
			attributes = {
				LastUpgradeCheck = 0610;
				ORGANIZATIONNAME = "Alec Thilenius";
			};
			buildConfigurationList = 70541CAF1A15537000D37EF2 /* Build configuration list for PBXProject "Anvil" */;
			compatibilityVersion = "Xcode 3.2";
			developmentRegion = English;
			hasScannedForEncodings = 0;
			knownRegions = (
				en,
			);
			mainGroup = 70541CAB1A15537000D37EF2;
			productRefGroup = 70541CB51A15537000D37EF2 /* Products */;
			projectDirPath = "";
			projectReferences = (
				{
					ProductGroup = 70A5E2FF1A8AA6570013D31B /* Products */;
					ProjectRef = 70A5E2FE1A8AA6570013D31B /* AnvilDyn.xcodeproj */;
				},
			);
			projectRoot = "";
			targets = (
				70541CB31A15537000D37EF2 /* Anvil */,
				703736F11A2E81AD0088DF33 /* AnvilLib */,
			);
		};
/* End PBXProject section */

/* Begin PBXReferenceProxy section */
		70A5E3031A8AA6580013D31B /* libAnvilDyn.dylib */ = {
			isa = PBXReferenceProxy;
			fileType = "compiled.mach-o.dylib";
			path = libAnvilDyn.dylib;
			remoteRef = 70A5E3021A8AA6580013D31B /* PBXContainerItemProxy */;
			sourceTree = BUILT_PRODUCTS_DIR;
		};
/* End PBXReferenceProxy section */

/* Begin PBXShellScriptBuildPhase section */
		70A5E2AC1A86C1860013D31B /* ShellScript */ = {
			isa = PBXShellScriptBuildPhase;
			buildActionMask = 2147483647;
			files = (
			);
			inputPaths = (
			);
			outputPaths = (
			);
			runOnlyForDeploymentPostprocessing = 0;
			shellPath = /bin/sh;
			shellScript = "echo \"Src Root: ${SRCROOT}. Products Dir: ${BUILT_PRODUCTS_DIR}\"";
		};
		70A5E2AD1A86C8A50013D31B /* ShellScript */ = {
			isa = PBXShellScriptBuildPhase;
			buildActionMask = 2147483647;
			files = (
			);
			inputPaths = (
			);
			outputPaths = (
			);
			runOnlyForDeploymentPostprocessing = 0;
			shellPath = /bin/sh;
			shellScript = "rm -rf ${BUILT_PRODUCTS_DIR}/src && mkdir ${BUILT_PRODUCTS_DIR}/src 2>/dev/null || :\ncp -p ${SRCROOT}/**/*.cpp ${BUILT_PRODUCTS_DIR}/src 2>/dev/null || :\ncp -p ${SRCROOT}/**/*.c ${BUILT_PRODUCTS_DIR}/src 2>/dev/null || :\ncp -p ${SRCROOT}/**/*.cc ${BUILT_PRODUCTS_DIR}/src 2>/dev/null || :\ncp -p ${SRCROOT}/**/*.cxx ${BUILT_PRODUCTS_DIR}/src 2>/dev/null || :\ncp -p ${SRCROOT}/**/*.h ${BUILT_PRODUCTS_DIR}/src 2>/dev/null || :\ncp -p ${SRCROOT}/**/*.hpp ${BUILT_PRODUCTS_DIR}/src 2>/dev/null || :\ncp -p ${SRCROOT}/**/*.inl ${BUILT_PRODUCTS_DIR}/src 2>/dev/null || :";
		};
/* End PBXShellScriptBuildPhase section */

/* Begin PBXSourcesBuildPhase section */
		703736EE1A2E81AD0088DF33 /* Sources */ = {
			isa = PBXSourcesBuildPhase;
			buildActionMask = 2147483647;
			files = (
				703736F61A2E83A60088DF33 /* Anvil.cpp in Sources */,
				703736F81A2E83A60088DF33 /* Level.cpp in Sources */,
				70F0E9391A560B2900BDC94C /* Log.cpp in Sources */,
				703736FA1A2E83A60088DF33 /* Spark.cpp in Sources */,
				703736FC1A2E83A60088DF33 /* TcpMessage.cpp in Sources */,
				703736FE1A2E83A60088DF33 /* TcpSocket.cpp in Sources */,
				7085EDD31A63104E0093DE12 /* Config.cpp in Sources */,
				703737021A2E83A60088DF33 /* main.cpp in Sources */,
				70560DE41A5F433C007319DE /* BFEProtos.pb.cc in Sources */,
				70A5E2B11A86CCBB0013D31B /* TextFile.cpp in Sources */,
			);
			runOnlyForDeploymentPostprocessing = 0;
		};
		70541CB01A15537000D37EF2 /* Sources */ = {
			isa = PBXSourcesBuildPhase;
			buildActionMask = 2147483647;
			files = (
				702F1BF81A1D4A4E00200224 /* Level.cpp in Sources */,
				702F1BFB1A1D4A4E00200224 /* TcpSocket.cpp in Sources */,
				70560DE31A5F433C007319DE /* BFEProtos.pb.cc in Sources */,
				7085EDD21A63104E0093DE12 /* Config.cpp in Sources */,
				702BB09B1A6B0244009AA378 /* Time.cpp in Sources */,
				7037368A1A2D8A680088DF33 /* Anvil.cpp in Sources */,
				70F0E9381A560B2900BDC94C /* Log.cpp in Sources */,
				7037368D1A2D989A0088DF33 /* Spark.cpp in Sources */,
				702F1BF91A1D4A4E00200224 /* main.cpp in Sources */,
				70A5E2B01A86CCBB0013D31B /* TextFile.cpp in Sources */,
				702F1BFA1A1D4A4E00200224 /* TcpMessage.cpp in Sources */,
			);
			runOnlyForDeploymentPostprocessing = 0;
		};
/* End PBXSourcesBuildPhase section */

/* Begin XCBuildConfiguration section */
		703736F41A2E81AD0088DF33 /* Debug */ = {
			isa = XCBuildConfiguration;
			buildSettings = {
				COMBINE_HIDPI_IMAGES = YES;
				DEAD_CODE_STRIPPING = YES;
				EXECUTABLE_PREFIX = lib;
				FRAMEWORK_SEARCH_PATHS = (
					"$(inherited)",
					"$(PROJECT_DIR)/lib",
				);
				GCC_PREPROCESSOR_DEFINITIONS = (
					"DEBUG=1",
					"$(inherited)",
				);
				HEADER_SEARCH_PATHS = (
					"$(inherited)",
					/Applications/Xcode.app/Contents/Developer/Toolchains/XcodeDefault.xctoolchain/usr/include,
					./include,
					/usr/local/include,
				);
				LIBRARY_SEARCH_PATHS = (
					./lib,
					"$(PROJECT_DIR)/lib",
					/usr/local/lib,
					"$(PROJECT_DIR)",
				);
				MACH_O_TYPE = staticlib;
				PRODUCT_NAME = "$(TARGET_NAME)";
				PUBLIC_HEADERS_FOLDER_PATH = /include;
			};
			name = Debug;
		};
		703736F51A2E81AD0088DF33 /* Release */ = {
			isa = XCBuildConfiguration;
			buildSettings = {
				COMBINE_HIDPI_IMAGES = YES;
				DEAD_CODE_STRIPPING = YES;
				EXECUTABLE_PREFIX = lib;
				FRAMEWORK_SEARCH_PATHS = (
					"$(inherited)",
					"$(PROJECT_DIR)/lib",
				);
				HEADER_SEARCH_PATHS = (
					"$(inherited)",
					/Applications/Xcode.app/Contents/Developer/Toolchains/XcodeDefault.xctoolchain/usr/include,
					./include,
					/usr/local/include,
				);
				LIBRARY_SEARCH_PATHS = (
					./lib,
					"$(PROJECT_DIR)/lib",
					/usr/local/lib,
					"$(PROJECT_DIR)",
				);
				MACH_O_TYPE = staticlib;
				PRODUCT_NAME = "$(TARGET_NAME)";
				PUBLIC_HEADERS_FOLDER_PATH = /include;
			};
			name = Release;
		};
		70541CBB1A15537000D37EF2 /* Debug */ = {
			isa = XCBuildConfiguration;
			buildSettings = {
				ALWAYS_SEARCH_USER_PATHS = NO;
				CLANG_CXX_LANGUAGE_STANDARD = "gnu++0x";
				CLANG_CXX_LIBRARY = "libc++";
				CLANG_ENABLE_MODULES = YES;
				CLANG_ENABLE_OBJC_ARC = YES;
				CLANG_WARN_BOOL_CONVERSION = YES;
				CLANG_WARN_CONSTANT_CONVERSION = YES;
				CLANG_WARN_DIRECT_OBJC_ISA_USAGE = YES_ERROR;
				CLANG_WARN_EMPTY_BODY = YES;
				CLANG_WARN_ENUM_CONVERSION = YES;
				CLANG_WARN_INT_CONVERSION = YES;
				CLANG_WARN_OBJC_ROOT_CLASS = YES_ERROR;
				CLANG_WARN__DUPLICATE_METHOD_MATCH = YES;
				COPY_PHASE_STRIP = NO;
				GCC_C_LANGUAGE_STANDARD = gnu99;
				GCC_DYNAMIC_NO_PIC = NO;
				GCC_ENABLE_OBJC_EXCEPTIONS = YES;
				GCC_OPTIMIZATION_LEVEL = 0;
				GCC_PREPROCESSOR_DEFINITIONS = (
					"DEBUG=1",
					"$(inherited)",
				);
				GCC_SYMBOLS_PRIVATE_EXTERN = NO;
				GCC_WARN_64_TO_32_BIT_CONVERSION = YES;
				GCC_WARN_ABOUT_RETURN_TYPE = YES_ERROR;
				GCC_WARN_UNDECLARED_SELECTOR = YES;
				GCC_WARN_UNINITIALIZED_AUTOS = YES_AGGRESSIVE;
				GCC_WARN_UNUSED_FUNCTION = YES;
				GCC_WARN_UNUSED_VARIABLE = YES;
				MACOSX_DEPLOYMENT_TARGET = 10.10;
				ONLY_ACTIVE_ARCH = YES;
				SDKROOT = macosx;
			};
			name = Debug;
		};
		70541CBC1A15537000D37EF2 /* Release */ = {
			isa = XCBuildConfiguration;
			buildSettings = {
				ALWAYS_SEARCH_USER_PATHS = NO;
				CLANG_CXX_LANGUAGE_STANDARD = "gnu++0x";
				CLANG_CXX_LIBRARY = "libc++";
				CLANG_ENABLE_MODULES = YES;
				CLANG_ENABLE_OBJC_ARC = YES;
				CLANG_WARN_BOOL_CONVERSION = YES;
				CLANG_WARN_CONSTANT_CONVERSION = YES;
				CLANG_WARN_DIRECT_OBJC_ISA_USAGE = YES_ERROR;
				CLANG_WARN_EMPTY_BODY = YES;
				CLANG_WARN_ENUM_CONVERSION = YES;
				CLANG_WARN_INT_CONVERSION = YES;
				CLANG_WARN_OBJC_ROOT_CLASS = YES_ERROR;
				CLANG_WARN__DUPLICATE_METHOD_MATCH = YES;
				COPY_PHASE_STRIP = YES;
				DEBUG_INFORMATION_FORMAT = "dwarf-with-dsym";
				ENABLE_NS_ASSERTIONS = NO;
				GCC_C_LANGUAGE_STANDARD = gnu99;
				GCC_ENABLE_OBJC_EXCEPTIONS = YES;
				GCC_WARN_64_TO_32_BIT_CONVERSION = YES;
				GCC_WARN_ABOUT_RETURN_TYPE = YES_ERROR;
				GCC_WARN_UNDECLARED_SELECTOR = YES;
				GCC_WARN_UNINITIALIZED_AUTOS = YES_AGGRESSIVE;
				GCC_WARN_UNUSED_FUNCTION = YES;
				GCC_WARN_UNUSED_VARIABLE = YES;
				MACOSX_DEPLOYMENT_TARGET = 10.10;
				SDKROOT = macosx;
			};
			name = Release;
		};
		70541CBE1A15537000D37EF2 /* Debug */ = {
			isa = XCBuildConfiguration;
			buildSettings = {
				FRAMEWORK_SEARCH_PATHS = (
					"$(inherited)",
					"$(PROJECT_DIR)/lib",
				);
				GCC_PREPROCESSOR_DEFINITIONS = (
					"DEBUG=1",
					"$(inherited)",
				);
				HEADER_SEARCH_PATHS = (
					"$(inherited)",
					/Applications/Xcode.app/Contents/Developer/Toolchains/XcodeDefault.xctoolchain/usr/include,
					./include,
					/usr/local/include,
				);
				LIBRARY_SEARCH_PATHS = (
					./lib,
					"$(PROJECT_DIR)/lib",
					/usr/local/lib,
					"$(PROJECT_DIR)",
				);
				PRODUCT_NAME = "$(TARGET_NAME)";
				USER_HEADER_SEARCH_PATHS = "";
			};
			name = Debug;
		};
		70541CBF1A15537000D37EF2 /* Release */ = {
			isa = XCBuildConfiguration;
			buildSettings = {
				FRAMEWORK_SEARCH_PATHS = (
					"$(inherited)",
					"$(PROJECT_DIR)/lib",
				);
				HEADER_SEARCH_PATHS = (
					"$(inherited)",
					/Applications/Xcode.app/Contents/Developer/Toolchains/XcodeDefault.xctoolchain/usr/include,
					./include,
					/usr/local/include,
				);
				LIBRARY_SEARCH_PATHS = (
					./lib,
					"$(PROJECT_DIR)/lib",
					/usr/local/lib,
					"$(PROJECT_DIR)",
				);
				PRODUCT_NAME = "$(TARGET_NAME)";
				USER_HEADER_SEARCH_PATHS = "";
			};
			name = Release;
		};
/* End XCBuildConfiguration section */

/* Begin XCConfigurationList section */
		703736F31A2E81AD0088DF33 /* Build configuration list for PBXNativeTarget "AnvilLib" */ = {
			isa = XCConfigurationList;
			buildConfigurations = (
				703736F41A2E81AD0088DF33 /* Debug */,
				703736F51A2E81AD0088DF33 /* Release */,
			);
			defaultConfigurationIsVisible = 0;
			defaultConfigurationName = Release;
		};
		70541CAF1A15537000D37EF2 /* Build configuration list for PBXProject "Anvil" */ = {
			isa = XCConfigurationList;
			buildConfigurations = (
				70541CBB1A15537000D37EF2 /* Debug */,
				70541CBC1A15537000D37EF2 /* Release */,
			);
			defaultConfigurationIsVisible = 0;
			defaultConfigurationName = Release;
		};
		70541CBD1A15537000D37EF2 /* Build configuration list for PBXNativeTarget "Anvil" */ = {
			isa = XCConfigurationList;
			buildConfigurations = (
				70541CBE1A15537000D37EF2 /* Debug */,
				70541CBF1A15537000D37EF2 /* Release */,
			);
			defaultConfigurationIsVisible = 0;
			defaultConfigurationName = Release;
		};
/* End XCConfigurationList section */
	};
	rootObject = 70541CAC1A15537000D37EF2 /* Project object */;
}
