<?xml version="1.0" encoding="utf-8"?>
<Project ToolsVersion="4.0" xmlns="http://schemas.microsoft.com/developer/msbuild/2003">
  <ItemGroup>
    <Filter Include="Resource Files">
      <UniqueIdentifier>{67DA6AB6-F800-4c08-8B7A-83BB121AAD01}</UniqueIdentifier>
      <Extensions>rc;ico;cur;bmp;dlg;rc2;rct;bin;rgs;gif;jpg;jpeg;jpe;resx;tiff;tif;png;wav;mfcribbon-ms</Extensions>
    </Filter>
    <Filter Include="gen-files">
      <UniqueIdentifier>{2a93f48e-3cf2-4664-aefd-c700c60bd34c}</UniqueIdentifier>
    </Filter>
    <Filter Include="AnvilAPI">
      <UniqueIdentifier>{8e19424f-0527-4cfa-9ee7-70fde62a8c64}</UniqueIdentifier>
    </Filter>
    <Filter Include="Socket">
      <UniqueIdentifier>{b7998408-ae6e-437e-b510-b5cc9654a6f3}</UniqueIdentifier>
    </Filter>
  </ItemGroup>
  <ItemGroup>
    <ClCompile Include="main.cpp" />
    <ClCompile Include="gen-files\BFEProtos.pb.cc">
      <Filter>gen-files</Filter>
    </ClCompile>
    <ClCompile Include="Log.cpp" />
    <ClCompile Include="TcpMessage.cpp">
      <Filter>Socket</Filter>
    </ClCompile>
    <ClCompile Include="TcpSocket.cpp">
      <Filter>Socket</Filter>
    </ClCompile>
    <ClCompile Include="Anvil.cpp">
      <Filter>AnvilAPI</Filter>
    </ClCompile>
    <ClCompile Include="Level.cpp">
      <Filter>AnvilAPI</Filter>
    </ClCompile>
    <ClCompile Include="Spark.cpp">
      <Filter>AnvilAPI</Filter>
    </ClCompile>
    <ClCompile Include="Config.cpp">
      <Filter>AnvilAPI</Filter>
    </ClCompile>
  </ItemGroup>
  <ItemGroup>
    <ClInclude Include="PrefixHeader.h" />
    <ClInclude Include="gen-files\BFEProtos.pb.h">
      <Filter>gen-files</Filter>
    </ClInclude>
    <ClInclude Include="Log.h" />
    <ClInclude Include="TcpMessage.h">
      <Filter>Socket</Filter>
    </ClInclude>
    <ClInclude Include="TcpSocket.h">
      <Filter>Socket</Filter>
    </ClInclude>
    <ClInclude Include="Anvil.h">
      <Filter>AnvilAPI</Filter>
    </ClInclude>
    <ClInclude Include="Level.h">
      <Filter>AnvilAPI</Filter>
    </ClInclude>
    <ClInclude Include="Spark.h">
      <Filter>AnvilAPI</Filter>
    </ClInclude>
    <ClInclude Include="Config.h">
      <Filter>AnvilAPI</Filter>
    </ClInclude>
  </ItemGroup>
</Project>